
Microsoft Visual Studio Solution File, Format Version 12.00
# Visual Studio 15
VisualStudioVersion = 15.0.28307.902
MinimumVisualStudioVersion = 10.0.40219.1
Project("{FAE04EC0-301F-11D3-BF4B-00C04F79EFBC}") = "BT4_16520339.Android", "BT4_16520339\BT4_16520339.Android\BT4_16520339.Android.csproj", "{29A53332-A2A0-4615-BC8F-ECA2681A303D}"
EndProject
Project("{FAE04EC0-301F-11D3-BF4B-00C04F79EFBC}") = "BT4_16520339.iOS", "BT4_16520339\BT4_16520339.iOS\BT4_16520339.iOS.csproj", "{7168F8EB-FD1A-4ED3-9605-C9498C21F820}"
EndProject
Project("{FAE04EC0-301F-11D3-BF4B-00C04F79EFBC}") = "BT4_16520339", "BT4_16520339\BT4_16520339\BT4_16520339.csproj", "{7B0CF233-16E8-4E6F-961E-9D5429EFC7FC}"
EndProject
Global
	GlobalSection(SolutionConfigurationPlatforms) = preSolution
		Ad-Hoc|Any CPU = Ad-Hoc|Any CPU
		Ad-Hoc|iPhone = Ad-Hoc|iPhone
		Ad-Hoc|iPhoneSimulator = Ad-Hoc|iPhoneSimulator
		AppStore|Any CPU = AppStore|Any CPU
		AppStore|iPhone = AppStore|iPhone
		AppStore|iPhoneSimulator = AppStore|iPhoneSimulator
		Debug|Any CPU = Debug|Any CPU
		Debug|iPhone = Debug|iPhone
		Debug|iPhoneSimulator = Debug|iPhoneSimulator
		Release|Any CPU = Release|Any CPU
		Release|iPhone = Release|iPhone
		Release|iPhoneSimulator = Release|iPhoneSimulator
	EndGlobalSection
	GlobalSection(ProjectConfigurationPlatforms) = postSolution
		{29A53332-A2A0-4615-BC8F-ECA2681A303D}.Ad-Hoc|Any CPU.ActiveCfg = Release|Any CPU
		{29A53332-A2A0-4615-BC8F-ECA2681A303D}.Ad-Hoc|Any CPU.Build.0 = Release|Any CPU
		{29A53332-A2A0-4615-BC8F-ECA2681A303D}.Ad-Hoc|Any CPU.Deploy.0 = Release|Any CPU
		{29A53332-A2A0-4615-BC8F-ECA2681A303D}.Ad-Hoc|iPhone.ActiveCfg = Release|Any CPU
		{29A53332-A2A0-4615-BC8F-ECA2681A303D}.Ad-Hoc|iPhone.Build.0 = Release|Any CPU
		{29A53332-A2A0-4615-BC8F-ECA2681A303D}.Ad-Hoc|iPhone.Deploy.0 = Release|Any CPU
		{29A53332-A2A0-4615-BC8F-ECA2681A303D}.Ad-Hoc|iPhoneSimulator.ActiveCfg = Release|Any CPU
		{29A53332-A2A0-4615-BC8F-ECA2681A303D}.Ad-Hoc|iPhoneSimulator.Build.0 = Release|Any CPU
		{29A53332-A2A0-4615-BC8F-ECA2681A303D}.Ad-Hoc|iPhoneSimulator.Deploy.0 = Release|Any CPU
		{29A53332-A2A0-4615-BC8F-ECA2681A303D}.AppStore|Any CPU.ActiveCfg = Release|Any CPU
		{29A53332-A2A0-4615-BC8F-ECA2681A303D}.AppStore|Any CPU.Build.0 = Release|Any CPU
		{29A53332-A2A0-4615-BC8F-ECA2681A303D}.AppStore|Any CPU.Deploy.0 = Release|Any CPU
		{29A53332-A2A0-4615-BC8F-ECA2681A303D}.AppStore|iPhone.ActiveCfg = Release|Any CPU
		{29A53332-A2A0-4615-BC8F-ECA2681A303D}.AppStore|iPhone.Build.0 = Release|Any CPU
		{29A53332-A2A0-4615-BC8F-ECA2681A303D}.AppStore|iPhone.Deploy.0 = Release|Any CPU
		{29A53332-A2A0-4615-BC8F-ECA2681A303D}.AppStore|iPhoneSimulator.ActiveCfg = Release|Any CPU
		{29A53332-A2A0-4615-BC8F-ECA2681A303D}.AppStore|iPhoneSimulator.Build.0 = Release|Any CPU
		{29A53332-A2A0-4615-BC8F-ECA2681A303D}.AppStore|iPhoneSimulator.Deploy.0 = Release|Any CPU
		{29A53332-A2A0-4615-BC8F-ECA2681A303D}.Debug|Any CPU.ActiveCfg = Debug|Any CPU
		{29A53332-A2A0-4615-BC8F-ECA2681A303D}.Debug|Any CPU.Build.0 = Debug|Any CPU
		{29A53332-A2A0-4615-BC8F-ECA2681A303D}.Debug|Any CPU.Deploy.0 = Debug|Any CPU
		{29A53332-A2A0-4615-BC8F-ECA2681A303D}.Debug|iPhone.ActiveCfg = Debug|Any CPU
		{29A53332-A2A0-4615-BC8F-ECA2681A303D}.Debug|iPhone.Build.0 = Debug|Any CPU
		{29A53332-A2A0-4615-BC8F-ECA2681A303D}.Debug|iPhone.Deploy.0 = Debug|Any CPU
		{29A53332-A2A0-4615-BC8F-ECA2681A303D}.Debug|iPhoneSimulator.ActiveCfg = Debug|Any CPU
		{29A53332-A2A0-4615-BC8F-ECA2681A303D}.Debug|iPhoneSimulator.Build.0 = Debug|Any CPU
		{29A53332-A2A0-4615-BC8F-ECA2681A303D}.Debug|iPhoneSimulator.Deploy.0 = Debug|Any CPU
		{29A53332-A2A0-4615-BC8F-ECA2681A303D}.Release|Any CPU.ActiveCfg = Release|Any CPU
		{29A53332-A2A0-4615-BC8F-ECA2681A303D}.Release|Any CPU.Build.0 = Release|Any CPU
		{29A53332-A2A0-4615-BC8F-ECA2681A303D}.Release|Any CPU.Deploy.0 = Release|Any CPU
		{29A53332-A2A0-4615-BC8F-ECA2681A303D}.Release|iPhone.ActiveCfg = Release|Any CPU
		{29A53332-A2A0-4615-BC8F-ECA2681A303D}.Release|iPhone.Build.0 = Release|Any CPU
		{29A53332-A2A0-4615-BC8F-ECA2681A303D}.Release|iPhone.Deploy.0 = Release|Any CPU
		{29A53332-A2A0-4615-BC8F-ECA2681A303D}.Release|iPhoneSimulator.ActiveCfg = Release|Any CPU
		{29A53332-A2A0-4615-BC8F-ECA2681A303D}.Release|iPhoneSimulator.Build.0 = Release|Any CPU
		{29A53332-A2A0-4615-BC8F-ECA2681A303D}.Release|iPhoneSimulator.Deploy.0 = Release|Any CPU
		{7168F8EB-FD1A-4ED3-9605-C9498C21F820}.Ad-Hoc|Any CPU.ActiveCfg = Ad-Hoc|iPhone
		{7168F8EB-FD1A-4ED3-9605-C9498C21F820}.Ad-Hoc|Any CPU.Build.0 = Ad-Hoc|iPhone
		{7168F8EB-FD1A-4ED3-9605-C9498C21F820}.Ad-Hoc|Any CPU.Deploy.0 = Ad-Hoc|iPhone
		{7168F8EB-FD1A-4ED3-9605-C9498C21F820}.Ad-Hoc|iPhone.ActiveCfg = Ad-Hoc|iPhone
		{7168F8EB-FD1A-4ED3-9605-C9498C21F820}.Ad-Hoc|iPhone.Build.0 = Ad-Hoc|iPhone
		{7168F8EB-FD1A-4ED3-9605-C9498C21F820}.Ad-Hoc|iPhone.Deploy.0 = Ad-Hoc|iPhone
		{7168F8EB-FD1A-4ED3-9605-C9498C21F820}.Ad-Hoc|iPhoneSimulator.ActiveCfg = Ad-Hoc|iPhoneSimulator
		{7168F8EB-FD1A-4ED3-9605-C9498C21F820}.Ad-Hoc|iPhoneSimulator.Build.0 = Ad-Hoc|iPhoneSimulator
		{7168F8EB-FD1A-4ED3-9605-C9498C21F820}.Ad-Hoc|iPhoneSimulator.Deploy.0 = Ad-Hoc|iPhoneSimulator
		{7168F8EB-FD1A-4ED3-9605-C9498C21F820}.AppStore|Any CPU.ActiveCfg = AppStore|iPhone
		{7168F8EB-FD1A-4ED3-9605-C9498C21F820}.AppStore|Any CPU.Build.0 = AppStore|iPhone
		{7168F8EB-FD1A-4ED3-9605-C9498C21F820}.AppStore|Any CPU.Deploy.0 = AppStore|iPhone
		{7168F8EB-FD1A-4ED3-9605-C9498C21F820}.AppStore|iPhone.ActiveCfg = AppStore|iPhone
		{7168F8EB-FD1A-4ED3-9605-C9498C21F820}.AppStore|iPhone.Build.0 = AppStore|iPhone
		{7168F8EB-FD1A-4ED3-9605-C9498C21F820}.AppStore|iPhone.Deploy.0 = AppStore|iPhone
		{7168F8EB-FD1A-4ED3-9605-C9498C21F820}.AppStore|iPhoneSimulator.ActiveCfg = AppStore|iPhoneSimulator
		{7168F8EB-FD1A-4ED3-9605-C9498C21F820}.AppStore|iPhoneSimulator.Build.0 = AppStore|iPhoneSimulator
		{7168F8EB-FD1A-4ED3-9605-C9498C21F820}.AppStore|iPhoneSimulator.Deploy.0 = AppStore|iPhoneSimulator
		{7168F8EB-FD1A-4ED3-9605-C9498C21F820}.Debug|Any CPU.ActiveCfg = Debug|iPhoneSimulator
		{7168F8EB-FD1A-4ED3-9605-C9498C21F820}.Debug|Any CPU.Build.0 = Debug|iPhoneSimulator
		{7168F8EB-FD1A-4ED3-9605-C9498C21F820}.Debug|Any CPU.Deploy.0 = Debug|iPhoneSimulator
		{7168F8EB-FD1A-4ED3-9605-C9498C21F820}.Debug|iPhone.ActiveCfg = Debug|iPhone
		{7168F8EB-FD1A-4ED3-9605-C9498C21F820}.Debug|iPhone.Build.0 = Debug|iPhone
		{7168F8EB-FD1A-4ED3-9605-C9498C21F820}.Debug|iPhone.Deploy.0 = Debug|iPhone
		{7168F8EB-FD1A-4ED3-9605-C9498C21F820}.Debug|iPhoneSimulator.ActiveCfg = Debug|iPhoneSimulator
		{7168F8EB-FD1A-4ED3-9605-C9498C21F820}.Debug|iPhoneSimulator.Build.0 = Debug|iPhoneSimulator
		{7168F8EB-FD1A-4ED3-9605-C9498C21F820}.Debug|iPhoneSimulator.Deploy.0 = Debug|iPhoneSimulator
		{7168F8EB-FD1A-4ED3-9605-C9498C21F820}.Release|Any CPU.ActiveCfg = Release|iPhone
		{7168F8EB-FD1A-4ED3-9605-C9498C21F820}.Release|Any CPU.Build.0 = Release|iPhone
		{7168F8EB-FD1A-4ED3-9605-C9498C21F820}.Release|Any CPU.Deploy.0 = Release|iPhone
		{7168F8EB-FD1A-4ED3-9605-C9498C21F820}.Release|iPhone.ActiveCfg = Release|iPhone
		{7168F8EB-FD1A-4ED3-9605-C9498C21F820}.Release|iPhone.Build.0 = Release|iPhone
		{7168F8EB-FD1A-4ED3-9605-C9498C21F820}.Release|iPhone.Deploy.0 = Release|iPhone
		{7168F8EB-FD1A-4ED3-9605-C9498C21F820}.Release|iPhoneSimulator.ActiveCfg = Release|iPhoneSimulator
		{7168F8EB-FD1A-4ED3-9605-C9498C21F820}.Release|iPhoneSimulator.Build.0 = Release|iPhoneSimulator
		{7168F8EB-FD1A-4ED3-9605-C9498C21F820}.Release|iPhoneSimulator.Deploy.0 = Release|iPhoneSimulator
		{7B0CF233-16E8-4E6F-961E-9D5429EFC7FC}.Ad-Hoc|Any CPU.ActiveCfg = Debug|Any CPU
		{7B0CF233-16E8-4E6F-961E-9D5429EFC7FC}.Ad-Hoc|Any CPU.Build.0 = Debug|Any CPU
		{7B0CF233-16E8-4E6F-961E-9D5429EFC7FC}.Ad-Hoc|Any CPU.Deploy.0 = Debug|Any CPU
		{7B0CF233-16E8-4E6F-961E-9D5429EFC7FC}.Ad-Hoc|iPhone.ActiveCfg = Debug|Any CPU
		{7B0CF233-16E8-4E6F-961E-9D5429EFC7FC}.Ad-Hoc|iPhone.Build.0 = Debug|Any CPU
		{7B0CF233-16E8-4E6F-961E-9D5429EFC7FC}.Ad-Hoc|iPhone.Deploy.0 = Debug|Any CPU
		{7B0CF233-16E8-4E6F-961E-9D5429EFC7FC}.Ad-Hoc|iPhoneSimulator.ActiveCfg = Debug|Any CPU
		{7B0CF233-16E8-4E6F-961E-9D5429EFC7FC}.Ad-Hoc|iPhoneSimulator.Build.0 = Debug|Any CPU
		{7B0CF233-16E8-4E6F-961E-9D5429EFC7FC}.Ad-Hoc|iPhoneSimulator.Deploy.0 = Debug|Any CPU
		{7B0CF233-16E8-4E6F-961E-9D5429EFC7FC}.AppStore|Any CPU.ActiveCfg = Debug|Any CPU
		{7B0CF233-16E8-4E6F-961E-9D5429EFC7FC}.AppStore|Any CPU.Build.0 = Debug|Any CPU
		{7B0CF233-16E8-4E6F-961E-9D5429EFC7FC}.AppStore|Any CPU.Deploy.0 = Debug|Any CPU
		{7B0CF233-16E8-4E6F-961E-9D5429EFC7FC}.AppStore|iPhone.ActiveCfg = Debug|Any CPU
		{7B0CF233-16E8-4E6F-961E-9D5429EFC7FC}.AppStore|iPhone.Build.0 = Debug|Any CPU
		{7B0CF233-16E8-4E6F-961E-9D5429EFC7FC}.AppStore|iPhone.Deploy.0 = Debug|Any CPU
		{7B0CF233-16E8-4E6F-961E-9D5429EFC7FC}.AppStore|iPhoneSimulator.ActiveCfg = Debug|Any CPU
		{7B0CF233-16E8-4E6F-961E-9D5429EFC7FC}.AppStore|iPhoneSimulator.Build.0 = Debug|Any CPU
		{7B0CF233-16E8-4E6F-961E-9D5429EFC7FC}.AppStore|iPhoneSimulator.Deploy.0 = Debug|Any CPU
		{7B0CF233-16E8-4E6F-961E-9D5429EFC7FC}.Debug|Any CPU.ActiveCfg = Debug|Any CPU
		{7B0CF233-16E8-4E6F-961E-9D5429EFC7FC}.Debug|Any CPU.Build.0 = Debug|Any CPU
		{7B0CF233-16E8-4E6F-961E-9D5429EFC7FC}.Debug|Any CPU.Deploy.0 = Debug|Any CPU
		{7B0CF233-16E8-4E6F-961E-9D5429EFC7FC}.Debug|iPhone.ActiveCfg = Debug|Any CPU
		{7B0CF233-16E8-4E6F-961E-9D5429EFC7FC}.Debug|iPhone.Build.0 = Debug|Any CPU
		{7B0CF233-16E8-4E6F-961E-9D5429EFC7FC}.Debug|iPhone.Deploy.0 = Debug|Any CPU
		{7B0CF233-16E8-4E6F-961E-9D5429EFC7FC}.Debug|iPhoneSimulator.ActiveCfg = Debug|Any CPU
		{7B0CF233-16E8-4E6F-961E-9D5429EFC7FC}.Debug|iPhoneSimulator.Build.0 = Debug|Any CPU
		{7B0CF233-16E8-4E6F-961E-9D5429EFC7FC}.Debug|iPhoneSimulator.Deploy.0 = Debug|Any CPU
		{7B0CF233-16E8-4E6F-961E-9D5429EFC7FC}.Release|Any CPU.ActiveCfg = Release|Any CPU
		{7B0CF233-16E8-4E6F-961E-9D5429EFC7FC}.Release|Any CPU.Build.0 = Release|Any CPU
		{7B0CF233-16E8-4E6F-961E-9D5429EFC7FC}.Release|Any CPU.Deploy.0 = Release|Any CPU
		{7B0CF233-16E8-4E6F-961E-9D5429EFC7FC}.Release|iPhone.ActiveCfg = Release|Any CPU
		{7B0CF233-16E8-4E6F-961E-9D5429EFC7FC}.Release|iPhone.Build.0 = Release|Any CPU
		{7B0CF233-16E8-4E6F-961E-9D5429EFC7FC}.Release|iPhone.Deploy.0 = Release|Any CPU
		{7B0CF233-16E8-4E6F-961E-9D5429EFC7FC}.Release|iPhoneSimulator.ActiveCfg = Release|Any CPU
		{7B0CF233-16E8-4E6F-961E-9D5429EFC7FC}.Release|iPhoneSimulator.Build.0 = Release|Any CPU
		{7B0CF233-16E8-4E6F-961E-9D5429EFC7FC}.Release|iPhoneSimulator.Deploy.0 = Release|Any CPU
	EndGlobalSection
	GlobalSection(SolutionProperties) = preSolution
		HideSolutionNode = FALSE
	EndGlobalSection
	GlobalSection(ExtensibilityGlobals) = postSolution
		SolutionGuid = {B4246449-DAE4-4ACC-8CBD-42F2C4635AEB}
	EndGlobalSection
EndGlobal
